
Microsoft Visual Studio Solution File, Format Version 12.00
# Visual Studio 15
VisualStudioVersion = 15.0.26228.4
MinimumVisualStudioVersion = 10.0.40219.1
Project("{2150E333-8FDC-42A3-9474-1A3956D46DE8}") = "src", "src", "{869CE2B9-6B12-4BF1-945F-763BC9FD9015}"
EndProject
Project("{2150E333-8FDC-42A3-9474-1A3956D46DE8}") = "test", "test", "{AD2A4DAB-6383-47FE-9BA9-976730A8122C}"
EndProject
Project("{9A19103F-16F7-4668-BE54-9A1E7A4F7556}") = "StandardBank.ConcessionManagement.UI", "src\StandardBank.ConcessionManagement.UI\StandardBank.ConcessionManagement.UI.csproj", "{0C656047-F359-452B-879B-CD25B04F9560}"
EndProject
Project("{9A19103F-16F7-4668-BE54-9A1E7A4F7556}") = "StandardBank.ConcessionManagement.UI.Test", "test\StandardBank.ConcessionManagement.UI.Test\StandardBank.ConcessionManagement.UI.Test.csproj", "{81FC71BC-F3BB-41C8-91CF-C7FC2445F01A}"
EndProject
Project("{9A19103F-16F7-4668-BE54-9A1E7A4F7556}") = "StandardBank.ConcessionManagement.Interface", "src\StandardBank.ConcessionManagement.Interface\StandardBank.ConcessionManagement.Interface.csproj", "{C817E56D-27BE-4A77-AE12-1F018C3479D4}"
EndProject
Project("{9A19103F-16F7-4668-BE54-9A1E7A4F7556}") = "StandardBank.ConcessionManagement.BusinessLogic", "src\StandardBank.ConcessionManagement.BusinessLogic\StandardBank.ConcessionManagement.BusinessLogic.csproj", "{7082C5E6-EFD2-4FB4-A91F-DDFDBEADF83C}"
EndProject
Project("{9A19103F-16F7-4668-BE54-9A1E7A4F7556}") = "StandardBank.ConcessionManagement.Common", "src\StandardBank.ConcessionManagement.Common\StandardBank.ConcessionManagement.Common.csproj", "{653861DC-14A5-46CA-B25E-5E7A6FE82050}"
EndProject
Project("{9A19103F-16F7-4668-BE54-9A1E7A4F7556}") = "StandardBank.ConcessionManagement.Model", "src\StandardBank.ConcessionManagement.Model\StandardBank.ConcessionManagement.Model.csproj", "{3BCAABD3-B8F4-4985-94C7-006EC8D7E546}"
EndProject
Project("{9A19103F-16F7-4668-BE54-9A1E7A4F7556}") = "StandardBank.ConcessionManagement.Repository", "src\StandardBank.ConcessionManagement.Repository\StandardBank.ConcessionManagement.Repository.csproj", "{CF8C6A43-585B-48CC-83E2-D9866C1A14E8}"
EndProject
Project("{9A19103F-16F7-4668-BE54-9A1E7A4F7556}") = "StandardBank.ConcessionManagement.BusinessLogic.Test", "test\StandardBank.ConcessionManagement.BusinessLogic.Test\StandardBank.ConcessionManagement.BusinessLogic.Test.csproj", "{F3899214-37E0-42A3-9F87-94265D8592EE}"
EndProject
Project("{9A19103F-16F7-4668-BE54-9A1E7A4F7556}") = "StandardBank.ConcessionManagement.Common.Test", "test\StandardBank.ConcessionManagement.Common.Test\StandardBank.ConcessionManagement.Common.Test.csproj", "{D430623A-90DB-4110-9607-478FE2574C02}"
EndProject
Project("{9A19103F-16F7-4668-BE54-9A1E7A4F7556}") = "StandardBank.ConcessionManagement.Repository.Test", "test\StandardBank.ConcessionManagement.Repository.Test\StandardBank.ConcessionManagement.Repository.Test.csproj", "{056DF8C4-CFF5-448F-8932-5C5606A00817}"
EndProject
Project("{9A19103F-16F7-4668-BE54-9A1E7A4F7556}") = "StandardBank.ConcessionManagement.Test.Helpers", "test\StandardBank.ConcessionManagement.Test.Helpers\StandardBank.ConcessionManagement.Test.Helpers.csproj", "{040CE3BF-5ACB-4FBA-B04B-441F01C1CD6C}"
EndProject
Project("{2150E333-8FDC-42A3-9474-1A3956D46DE8}") = "db", "db", "{AB117191-71F0-485F-B515-1809D2768EDA}"
EndProject
Project("{00D1A9C2-B5F0-4AF3-8072-F6C62B433612}") = "StandardBank.ConcessionManagement.Database", "db\StandardBank.ConcessionManagement.Database\StandardBank.ConcessionManagement.Database.sqlproj", "{1AC675EE-4839-4188-82A1-303B2F9B3C60}"
EndProject
Project("{9A19103F-16F7-4668-BE54-9A1E7A4F7556}") = "StandardBank.ConcessionManagement.UI.Extension", "src\StandardBank.ConcessionManagement.UI.Extension\StandardBank.ConcessionManagement.UI.Extension.csproj", "{10EE6CA7-BAB8-4C7D-B5A6-694AEA858689}"
EndProject
Project("{2150E333-8FDC-42A3-9474-1A3956D46DE8}") = "configuration", "configuration", "{A666A38D-8285-422F-9FB1-7EF14196A38E}"
EndProject
Project("{2150E333-8FDC-42A3-9474-1A3956D46DE8}") = "10952iisprdsdc3", "10952iisprdsdc3", "{0C19AD24-F9AD-4D02-89DB-D19872F4106D}"
	ProjectSection(SolutionItems) = preProject
		configuration\10952iisprdsdc3\appsettings.json = configuration\10952iisprdsdc3\appsettings.json
	EndProjectSection
EndProject
Project("{2150E333-8FDC-42A3-9474-1A3956D46DE8}") = "Properties", "Properties", "{243331CD-7F83-4965-A24D-D337A26F55C1}"
	ProjectSection(SolutionItems) = preProject
		configuration\10952iisprdsdc3\Properties\launchSettings.json = configuration\10952iisprdsdc3\Properties\launchSettings.json
	EndProjectSection
EndProject
Project("{2150E333-8FDC-42A3-9474-1A3956D46DE8}") = "10952iisprdsdc1", "10952iisprdsdc1", "{6E7851CA-2FBD-429C-BF23-22F18EC7E755}"
	ProjectSection(SolutionItems) = preProject
		configuration\10952iisprdsdc1\appsettings.json = configuration\10952iisprdsdc1\appsettings.json
	EndProjectSection
EndProject
Project("{2150E333-8FDC-42A3-9474-1A3956D46DE8}") = "Properties", "Properties", "{34069A15-B9BD-4B1E-B74F-B2779B941242}"
	ProjectSection(SolutionItems) = preProject
		configuration\10952iisprdsdc1\Properties\launchSettings.json = configuration\10952iisprdsdc1\Properties\launchSettings.json
	EndProjectSection
EndProject
Project("{FAE04EC0-301F-11D3-BF4B-00C04F79EFBC}") = "StandardBank.ConcessionManagement.Database.Migrator", "db\StandardBank.ConcessionManagement.Database.Migrator\StandardBank.ConcessionManagement.Database.Migrator.csproj", "{6E5CCE08-8B46-4C3C-92DE-8D78677488E4}"
EndProject
Global
	GlobalSection(SolutionConfigurationPlatforms) = preSolution
		Debug|Any CPU = Debug|Any CPU
		Release|Any CPU = Release|Any CPU
	EndGlobalSection
	GlobalSection(ProjectConfigurationPlatforms) = postSolution
		{0C656047-F359-452B-879B-CD25B04F9560}.Debug|Any CPU.ActiveCfg = Debug|Any CPU
		{0C656047-F359-452B-879B-CD25B04F9560}.Debug|Any CPU.Build.0 = Debug|Any CPU
		{0C656047-F359-452B-879B-CD25B04F9560}.Release|Any CPU.ActiveCfg = Release|Any CPU
		{0C656047-F359-452B-879B-CD25B04F9560}.Release|Any CPU.Build.0 = Release|Any CPU
		{81FC71BC-F3BB-41C8-91CF-C7FC2445F01A}.Debug|Any CPU.ActiveCfg = Debug|Any CPU
		{81FC71BC-F3BB-41C8-91CF-C7FC2445F01A}.Debug|Any CPU.Build.0 = Debug|Any CPU
		{81FC71BC-F3BB-41C8-91CF-C7FC2445F01A}.Release|Any CPU.ActiveCfg = Release|Any CPU
		{81FC71BC-F3BB-41C8-91CF-C7FC2445F01A}.Release|Any CPU.Build.0 = Release|Any CPU
		{C817E56D-27BE-4A77-AE12-1F018C3479D4}.Debug|Any CPU.ActiveCfg = Debug|Any CPU
		{C817E56D-27BE-4A77-AE12-1F018C3479D4}.Debug|Any CPU.Build.0 = Debug|Any CPU
		{C817E56D-27BE-4A77-AE12-1F018C3479D4}.Release|Any CPU.ActiveCfg = Release|Any CPU
		{C817E56D-27BE-4A77-AE12-1F018C3479D4}.Release|Any CPU.Build.0 = Release|Any CPU
		{7082C5E6-EFD2-4FB4-A91F-DDFDBEADF83C}.Debug|Any CPU.ActiveCfg = Debug|Any CPU
		{7082C5E6-EFD2-4FB4-A91F-DDFDBEADF83C}.Debug|Any CPU.Build.0 = Debug|Any CPU
		{7082C5E6-EFD2-4FB4-A91F-DDFDBEADF83C}.Release|Any CPU.ActiveCfg = Release|Any CPU
		{7082C5E6-EFD2-4FB4-A91F-DDFDBEADF83C}.Release|Any CPU.Build.0 = Release|Any CPU
		{653861DC-14A5-46CA-B25E-5E7A6FE82050}.Debug|Any CPU.ActiveCfg = Debug|Any CPU
		{653861DC-14A5-46CA-B25E-5E7A6FE82050}.Debug|Any CPU.Build.0 = Debug|Any CPU
		{653861DC-14A5-46CA-B25E-5E7A6FE82050}.Release|Any CPU.ActiveCfg = Release|Any CPU
		{653861DC-14A5-46CA-B25E-5E7A6FE82050}.Release|Any CPU.Build.0 = Release|Any CPU
		{3BCAABD3-B8F4-4985-94C7-006EC8D7E546}.Debug|Any CPU.ActiveCfg = Debug|Any CPU
		{3BCAABD3-B8F4-4985-94C7-006EC8D7E546}.Debug|Any CPU.Build.0 = Debug|Any CPU
		{3BCAABD3-B8F4-4985-94C7-006EC8D7E546}.Release|Any CPU.ActiveCfg = Release|Any CPU
		{3BCAABD3-B8F4-4985-94C7-006EC8D7E546}.Release|Any CPU.Build.0 = Release|Any CPU
		{CF8C6A43-585B-48CC-83E2-D9866C1A14E8}.Debug|Any CPU.ActiveCfg = Debug|Any CPU
		{CF8C6A43-585B-48CC-83E2-D9866C1A14E8}.Debug|Any CPU.Build.0 = Debug|Any CPU
		{CF8C6A43-585B-48CC-83E2-D9866C1A14E8}.Release|Any CPU.ActiveCfg = Release|Any CPU
		{CF8C6A43-585B-48CC-83E2-D9866C1A14E8}.Release|Any CPU.Build.0 = Release|Any CPU
		{F3899214-37E0-42A3-9F87-94265D8592EE}.Debug|Any CPU.ActiveCfg = Debug|Any CPU
		{F3899214-37E0-42A3-9F87-94265D8592EE}.Debug|Any CPU.Build.0 = Debug|Any CPU
		{F3899214-37E0-42A3-9F87-94265D8592EE}.Release|Any CPU.ActiveCfg = Release|Any CPU
		{F3899214-37E0-42A3-9F87-94265D8592EE}.Release|Any CPU.Build.0 = Release|Any CPU
		{D430623A-90DB-4110-9607-478FE2574C02}.Debug|Any CPU.ActiveCfg = Debug|Any CPU
		{D430623A-90DB-4110-9607-478FE2574C02}.Debug|Any CPU.Build.0 = Debug|Any CPU
		{D430623A-90DB-4110-9607-478FE2574C02}.Release|Any CPU.ActiveCfg = Release|Any CPU
		{D430623A-90DB-4110-9607-478FE2574C02}.Release|Any CPU.Build.0 = Release|Any CPU
		{056DF8C4-CFF5-448F-8932-5C5606A00817}.Debug|Any CPU.ActiveCfg = Debug|Any CPU
		{056DF8C4-CFF5-448F-8932-5C5606A00817}.Debug|Any CPU.Build.0 = Debug|Any CPU
		{056DF8C4-CFF5-448F-8932-5C5606A00817}.Release|Any CPU.ActiveCfg = Release|Any CPU
		{056DF8C4-CFF5-448F-8932-5C5606A00817}.Release|Any CPU.Build.0 = Release|Any CPU
		{040CE3BF-5ACB-4FBA-B04B-441F01C1CD6C}.Debug|Any CPU.ActiveCfg = Debug|Any CPU
		{040CE3BF-5ACB-4FBA-B04B-441F01C1CD6C}.Debug|Any CPU.Build.0 = Debug|Any CPU
		{040CE3BF-5ACB-4FBA-B04B-441F01C1CD6C}.Release|Any CPU.ActiveCfg = Release|Any CPU
		{040CE3BF-5ACB-4FBA-B04B-441F01C1CD6C}.Release|Any CPU.Build.0 = Release|Any CPU
		{1AC675EE-4839-4188-82A1-303B2F9B3C60}.Debug|Any CPU.ActiveCfg = Debug|Any CPU
		{1AC675EE-4839-4188-82A1-303B2F9B3C60}.Release|Any CPU.ActiveCfg = Release|Any CPU
		{10EE6CA7-BAB8-4C7D-B5A6-694AEA858689}.Debug|Any CPU.ActiveCfg = Debug|Any CPU
		{10EE6CA7-BAB8-4C7D-B5A6-694AEA858689}.Debug|Any CPU.Build.0 = Debug|Any CPU
		{10EE6CA7-BAB8-4C7D-B5A6-694AEA858689}.Release|Any CPU.ActiveCfg = Release|Any CPU
		{10EE6CA7-BAB8-4C7D-B5A6-694AEA858689}.Release|Any CPU.Build.0 = Release|Any CPU
		{6E5CCE08-8B46-4C3C-92DE-8D78677488E4}.Debug|Any CPU.ActiveCfg = Debug|Any CPU
		{6E5CCE08-8B46-4C3C-92DE-8D78677488E4}.Debug|Any CPU.Build.0 = Debug|Any CPU
		{6E5CCE08-8B46-4C3C-92DE-8D78677488E4}.Release|Any CPU.ActiveCfg = Release|Any CPU
		{6E5CCE08-8B46-4C3C-92DE-8D78677488E4}.Release|Any CPU.Build.0 = Release|Any CPU
	EndGlobalSection
	GlobalSection(SolutionProperties) = preSolution
		HideSolutionNode = FALSE
	EndGlobalSection
	GlobalSection(NestedProjects) = preSolution
		{0C656047-F359-452B-879B-CD25B04F9560} = {869CE2B9-6B12-4BF1-945F-763BC9FD9015}
		{81FC71BC-F3BB-41C8-91CF-C7FC2445F01A} = {AD2A4DAB-6383-47FE-9BA9-976730A8122C}
		{C817E56D-27BE-4A77-AE12-1F018C3479D4} = {869CE2B9-6B12-4BF1-945F-763BC9FD9015}
		{7082C5E6-EFD2-4FB4-A91F-DDFDBEADF83C} = {869CE2B9-6B12-4BF1-945F-763BC9FD9015}
		{653861DC-14A5-46CA-B25E-5E7A6FE82050} = {869CE2B9-6B12-4BF1-945F-763BC9FD9015}
		{3BCAABD3-B8F4-4985-94C7-006EC8D7E546} = {869CE2B9-6B12-4BF1-945F-763BC9FD9015}
		{CF8C6A43-585B-48CC-83E2-D9866C1A14E8} = {869CE2B9-6B12-4BF1-945F-763BC9FD9015}
		{F3899214-37E0-42A3-9F87-94265D8592EE} = {AD2A4DAB-6383-47FE-9BA9-976730A8122C}
		{D430623A-90DB-4110-9607-478FE2574C02} = {AD2A4DAB-6383-47FE-9BA9-976730A8122C}
		{056DF8C4-CFF5-448F-8932-5C5606A00817} = {AD2A4DAB-6383-47FE-9BA9-976730A8122C}
		{040CE3BF-5ACB-4FBA-B04B-441F01C1CD6C} = {AD2A4DAB-6383-47FE-9BA9-976730A8122C}
		{1AC675EE-4839-4188-82A1-303B2F9B3C60} = {AB117191-71F0-485F-B515-1809D2768EDA}
		{10EE6CA7-BAB8-4C7D-B5A6-694AEA858689} = {869CE2B9-6B12-4BF1-945F-763BC9FD9015}
		{0C19AD24-F9AD-4D02-89DB-D19872F4106D} = {A666A38D-8285-422F-9FB1-7EF14196A38E}
		{243331CD-7F83-4965-A24D-D337A26F55C1} = {0C19AD24-F9AD-4D02-89DB-D19872F4106D}
		{6E7851CA-2FBD-429C-BF23-22F18EC7E755} = {A666A38D-8285-422F-9FB1-7EF14196A38E}
		{34069A15-B9BD-4B1E-B74F-B2779B941242} = {6E7851CA-2FBD-429C-BF23-22F18EC7E755}
		{6E5CCE08-8B46-4C3C-92DE-8D78677488E4} = {AB117191-71F0-485F-B515-1809D2768EDA}
	EndGlobalSection
EndGlobal
